{
  "lockfileVersion": 1,
  "workspaces": {
    "": {
      "dependencies": {
        "@tanstack/react-query": "^5.79.0",
        "@tanstack/react-query-devtools": "^5.79.0",
      },
    },
  },
  "packages": {
    "@tanstack/query-core": ["@tanstack/query-core@5.79.0", "", {}, "sha512-s+epTqqLM0/TbJzMAK7OEhZIzh63P9sWz5HEFc5XHL4FvKQXQkcjI8F3nee+H/xVVn7mrP610nVXwOytTSYd0w=="],

    "@tanstack/query-devtools": ["@tanstack/query-devtools@5.76.0", "", {}, "sha512-1p92nqOBPYVqVDU0Ua5nzHenC6EGZNrLnB2OZphYw8CNA1exuvI97FVgIKON7Uug3uQqvH/QY8suUKpQo8qHNQ=="],

    "@tanstack/react-query": ["@tanstack/react-query@5.79.0", "", { "dependencies": { "@tanstack/query-core": "5.79.0" }, "peerDependencies": { "react": "^18 || ^19" } }, "sha512-DjC4JIYZnYzxaTzbg3osOU63VNLP67dOrWet2cZvXgmgwAXNxfS52AMq86M5++ILuzW+BqTUEVMTjhrZ7/XBuA=="],

    "@tanstack/react-query-devtools": ["@tanstack/react-query-devtools@5.79.0", "", { "dependencies": { "@tanstack/query-devtools": "5.76.0" }, "peerDependencies": { "@tanstack/react-query": "^5.79.0", "react": "^18 || ^19" } }, "sha512-YVRWxjxsWycWChjKxvaIAPdNC5LX0zpiHoNyTB8teDZpQstM1b7mCuAp3x60cjX1MhLoO3vbaeY29EKst4D4ug=="],

    "react": ["react@19.1.0", "", {}, "sha512-FS+XFBNvn3GTAWq26joslQgWNoFu08F4kl0J4CgdNKADkdSGXQyTCnKteIAJy96Br6YbpEU1LSzV5dYtjMkMDg=="],
  }
}
